
Microsoft Visual Studio Solution File, Format Version 11.00
# Visual Studio Version 16
Project("{8BC9CEB8-8B4A-11D0-8D11-00A0C91BC942}") = "3d", "3d.vcxproj", "{ADD17242-D100-4B96-87C0-1B4F9E488CAA}"
EndProject
Project("{8BC9CEB8-8B4A-11D0-8D11-00A0C91BC942}") = "asyncio", "asyncio.vcxproj", "{F110A4C9-EFE5-472B-9BA0-D7272C187C0E}"
EndProject
Project("{8BC9CEB8-8B4A-11D0-8D11-00A0C91BC942}") = "channel_groups", "channel_groups.vcxproj", "{A7E69F23-1773-4D7A-9C16-A329639E66EA}"
EndProject
Project("{8BC9CEB8-8B4A-11D0-8D11-00A0C91BC942}") = "convolution_reverb", "convolution_reverb.vcxproj", "{87AD5FA6-C607-4DF0-8BA2-769BEB4BDBC0}"
EndProject
Project("{8BC9CEB8-8B4A-11D0-8D11-00A0C91BC942}") = "dsp_custom", "dsp_custom.vcxproj", "{08FFE91A-CC62-4357-856A-0379FA9CE526}"
EndProject
Project("{8BC9CEB8-8B4A-11D0-8D11-00A0C91BC942}") = "dsp_effect_per_speaker", "dsp_effect_per_speaker.vcxproj", "{55A6C6B3-EB1C-45D6-ABD3-F41B62EC8436}"
EndProject
Project("{8BC9CEB8-8B4A-11D0-8D11-00A0C91BC942}") = "dsp_inspector", "dsp_inspector.vcxproj", "{45B62C09-000B-49AB-A8DF-9F89F22FD4F8}"
EndProject
Project("{8BC9CEB8-8B4A-11D0-8D11-00A0C91BC942}") = "effects", "effects.vcxproj", "{147DC4C6-48E1-4018-A90C-C048452874B0}"
EndProject
Project("{8BC9CEB8-8B4A-11D0-8D11-00A0C91BC942}") = "gapless_playback", "gapless_playback.vcxproj", "{8F52BF20-643E-46AB-8807-6FB48DC52B35}"
EndProject
Project("{8BC9CEB8-8B4A-11D0-8D11-00A0C91BC942}") = "generate_tone", "generate_tone.vcxproj", "{9E16C707-0F5E-4521-9A58-FA0A742259C7}"
EndProject
Project("{8BC9CEB8-8B4A-11D0-8D11-00A0C91BC942}") = "granular_synth", "granular_synth.vcxproj", "{3F19F028-816A-47A7-BCEF-2A3989688534}"
EndProject
Project("{8BC9CEB8-8B4A-11D0-8D11-00A0C91BC942}") = "load_from_memory", "load_from_memory.vcxproj", "{B11F9602-049A-4AAD-A1E7-447ACFFD48BB}"
EndProject
Project("{8BC9CEB8-8B4A-11D0-8D11-00A0C91BC942}") = "multiple_speaker", "multiple_speaker.vcxproj", "{20C43E57-BD89-468D-AFA7-83583E85B332}"
EndProject
Project("{8BC9CEB8-8B4A-11D0-8D11-00A0C91BC942}") = "multiple_system", "multiple_system.vcxproj", "{9110FF5A-0E6F-498A-8644-C4676E2512F7}"
EndProject
Project("{8BC9CEB8-8B4A-11D0-8D11-00A0C91BC942}") = "net_stream", "net_stream.vcxproj", "{CF6AD8DE-783A-4D4C-A5C5-B15821005AA8}"
EndProject
Project("{8BC9CEB8-8B4A-11D0-8D11-00A0C91BC942}") = "play_sound", "play_sound.vcxproj", "{012395B9-0619-4F92-A3A1-849E428FA9C5}"
EndProject
Project("{8BC9CEB8-8B4A-11D0-8D11-00A0C91BC942}") = "play_stream", "play_stream.vcxproj", "{30AA49F0-403C-42A8-85D9-9368BD7D094F}"
EndProject
Project("{8BC9CEB8-8B4A-11D0-8D11-00A0C91BC942}") = "record", "record.vcxproj", "{9F5AA538-A0B5-43BE-97BA-2699A8B3BCCC}"
EndProject
Project("{8BC9CEB8-8B4A-11D0-8D11-00A0C91BC942}") = "record_enumeration", "record_enumeration.vcxproj", "{81A80C7F-07A9-47C2-BA06-0FDF6CEDD534}"
EndProject
Project("{8BC9CEB8-8B4A-11D0-8D11-00A0C91BC942}") = "user_created_sound", "user_created_sound.vcxproj", "{967B4F9F-64AA-4D18-A70B-85679ECB2139}"
EndProject
Project("{8BC9CEB8-8B4A-11D0-8D11-00A0C91BC942}") = "fmod_codec_raw", "fmod_codec_raw.vcxproj", "{9F630AA3-3E98-49FB-BAFF-46BB777E9347}"
EndProject
Project("{8BC9CEB8-8B4A-11D0-8D11-00A0C91BC942}") = "fmod_distance_filter", "fmod_distance_filter.vcxproj", "{AE9C0F84-4920-4807-AD74-0AC87BF5DB85}"
EndProject
Project("{8BC9CEB8-8B4A-11D0-8D11-00A0C91BC942}") = "fmod_gain", "fmod_gain.vcxproj", "{91FAFD26-BB00-47E6-9BF3-7518BE9A0FE6}"
EndProject
Project("{8BC9CEB8-8B4A-11D0-8D11-00A0C91BC942}") = "fmod_noise", "fmod_noise.vcxproj", "{7824922D-742B-408C-AB19-B6C7854E8F69}"
EndProject
Project("{8BC9CEB8-8B4A-11D0-8D11-00A0C91BC942}") = "fmod_rnbo", "fmod_rnbo.vcxproj", "{DD86B4DF-1EF1-4282-87BE-F8B01BF4CD11}"
EndProject
Project("{8BC9CEB8-8B4A-11D0-8D11-00A0C91BC942}") = "output_mp3", "output_mp3.vcxproj", "{67A1AE60-71CB-4C53-8B2C-DF2C0E420115}"
EndProject
Global
	GlobalSection(SolutionConfigurationPlatforms) = preSolution
		Debug|Win32 = Debug|Win32
		Debug|x64 = Debug|x64
		Debug|ARM64 = Debug|ARM64
		Release|Win32 = Release|Win32
		Release|x64 = Release|x64
		Release|ARM64 = Release|ARM64
	EndGlobalSection
	GlobalSection(ProjectConfigurationPlatforms) = postSolution
		{ADD17242-D100-4B96-87C0-1B4F9E488CAA}.Debug|Win32.ActiveCfg = Debug|Win32
		{ADD17242-D100-4B96-87C0-1B4F9E488CAA}.Debug|Win32.Build.0 = Debug|Win32
		{ADD17242-D100-4B96-87C0-1B4F9E488CAA}.Debug|Win32.Deploy.0 = Debug|Win32
		{ADD17242-D100-4B96-87C0-1B4F9E488CAA}.Debug|x64.ActiveCfg = Debug|x64
		{ADD17242-D100-4B96-87C0-1B4F9E488CAA}.Debug|x64.Build.0 = Debug|x64
		{ADD17242-D100-4B96-87C0-1B4F9E488CAA}.Debug|x64.Deploy.0 = Debug|x64
		{ADD17242-D100-4B96-87C0-1B4F9E488CAA}.Debug|ARM64.ActiveCfg = Debug|ARM64
		{ADD17242-D100-4B96-87C0-1B4F9E488CAA}.Debug|ARM64.Build.0 = Debug|ARM64
		{ADD17242-D100-4B96-87C0-1B4F9E488CAA}.Debug|ARM64.Deploy.0 = Debug|ARM64
		{ADD17242-D100-4B96-87C0-1B4F9E488CAA}.Release|Win32.ActiveCfg = Release|Win32
		{ADD17242-D100-4B96-87C0-1B4F9E488CAA}.Release|Win32.Build.0 = Release|Win32
		{ADD17242-D100-4B96-87C0-1B4F9E488CAA}.Release|Win32.Deploy.0 = Release|Win32
		{ADD17242-D100-4B96-87C0-1B4F9E488CAA}.Release|x64.ActiveCfg = Release|x64
		{ADD17242-D100-4B96-87C0-1B4F9E488CAA}.Release|x64.Build.0 = Release|x64
		{ADD17242-D100-4B96-87C0-1B4F9E488CAA}.Release|x64.Deploy.0 = Release|x64
		{ADD17242-D100-4B96-87C0-1B4F9E488CAA}.Release|ARM64.ActiveCfg = Release|ARM64
		{ADD17242-D100-4B96-87C0-1B4F9E488CAA}.Release|ARM64.Build.0 = Release|ARM64
		{ADD17242-D100-4B96-87C0-1B4F9E488CAA}.Release|ARM64.Deploy.0 = Release|ARM64
		{F110A4C9-EFE5-472B-9BA0-D7272C187C0E}.Debug|Win32.ActiveCfg = Debug|Win32
		{F110A4C9-EFE5-472B-9BA0-D7272C187C0E}.Debug|Win32.Build.0 = Debug|Win32
		{F110A4C9-EFE5-472B-9BA0-D7272C187C0E}.Debug|Win32.Deploy.0 = Debug|Win32
		{F110A4C9-EFE5-472B-9BA0-D7272C187C0E}.Debug|x64.ActiveCfg = Debug|x64
		{F110A4C9-EFE5-472B-9BA0-D7272C187C0E}.Debug|x64.Build.0 = Debug|x64
		{F110A4C9-EFE5-472B-9BA0-D7272C187C0E}.Debug|x64.Deploy.0 = Debug|x64
		{F110A4C9-EFE5-472B-9BA0-D7272C187C0E}.Debug|ARM64.ActiveCfg = Debug|ARM64
		{F110A4C9-EFE5-472B-9BA0-D7272C187C0E}.Debug|ARM64.Build.0 = Debug|ARM64
		{F110A4C9-EFE5-472B-9BA0-D7272C187C0E}.Debug|ARM64.Deploy.0 = Debug|ARM64
		{F110A4C9-EFE5-472B-9BA0-D7272C187C0E}.Release|Win32.ActiveCfg = Release|Win32
		{F110A4C9-EFE5-472B-9BA0-D7272C187C0E}.Release|Win32.Build.0 = Release|Win32
		{F110A4C9-EFE5-472B-9BA0-D7272C187C0E}.Release|Win32.Deploy.0 = Release|Win32
		{F110A4C9-EFE5-472B-9BA0-D7272C187C0E}.Release|x64.ActiveCfg = Release|x64
		{F110A4C9-EFE5-472B-9BA0-D7272C187C0E}.Release|x64.Build.0 = Release|x64
		{F110A4C9-EFE5-472B-9BA0-D7272C187C0E}.Release|x64.Deploy.0 = Release|x64
		{F110A4C9-EFE5-472B-9BA0-D7272C187C0E}.Release|ARM64.ActiveCfg = Release|ARM64
		{F110A4C9-EFE5-472B-9BA0-D7272C187C0E}.Release|ARM64.Build.0 = Release|ARM64
		{F110A4C9-EFE5-472B-9BA0-D7272C187C0E}.Release|ARM64.Deploy.0 = Release|ARM64
		{A7E69F23-1773-4D7A-9C16-A329639E66EA}.Debug|Win32.ActiveCfg = Debug|Win32
		{A7E69F23-1773-4D7A-9C16-A329639E66EA}.Debug|Win32.Build.0 = Debug|Win32
		{A7E69F23-1773-4D7A-9C16-A329639E66EA}.Debug|Win32.Deploy.0 = Debug|Win32
		{A7E69F23-1773-4D7A-9C16-A329639E66EA}.Debug|x64.ActiveCfg = Debug|x64
		{A7E69F23-1773-4D7A-9C16-A329639E66EA}.Debug|x64.Build.0 = Debug|x64
		{A7E69F23-1773-4D7A-9C16-A329639E66EA}.Debug|x64.Deploy.0 = Debug|x64
		{A7E69F23-1773-4D7A-9C16-A329639E66EA}.Debug|ARM64.ActiveCfg = Debug|ARM64
		{A7E69F23-1773-4D7A-9C16-A329639E66EA}.Debug|ARM64.Build.0 = Debug|ARM64
		{A7E69F23-1773-4D7A-9C16-A329639E66EA}.Debug|ARM64.Deploy.0 = Debug|ARM64
		{A7E69F23-1773-4D7A-9C16-A329639E66EA}.Release|Win32.ActiveCfg = Release|Win32
		{A7E69F23-1773-4D7A-9C16-A329639E66EA}.Release|Win32.Build.0 = Release|Win32
		{A7E69F23-1773-4D7A-9C16-A329639E66EA}.Release|Win32.Deploy.0 = Release|Win32
		{A7E69F23-1773-4D7A-9C16-A329639E66EA}.Release|x64.ActiveCfg = Release|x64
		{A7E69F23-1773-4D7A-9C16-A329639E66EA}.Release|x64.Build.0 = Release|x64
		{A7E69F23-1773-4D7A-9C16-A329639E66EA}.Release|x64.Deploy.0 = Release|x64
		{A7E69F23-1773-4D7A-9C16-A329639E66EA}.Release|ARM64.ActiveCfg = Release|ARM64
		{A7E69F23-1773-4D7A-9C16-A329639E66EA}.Release|ARM64.Build.0 = Release|ARM64
		{A7E69F23-1773-4D7A-9C16-A329639E66EA}.Release|ARM64.Deploy.0 = Release|ARM64
		{87AD5FA6-C607-4DF0-8BA2-769BEB4BDBC0}.Debug|Win32.ActiveCfg = Debug|Win32
		{87AD5FA6-C607-4DF0-8BA2-769BEB4BDBC0}.Debug|Win32.Build.0 = Debug|Win32
		{87AD5FA6-C607-4DF0-8BA2-769BEB4BDBC0}.Debug|Win32.Deploy.0 = Debug|Win32
		{87AD5FA6-C607-4DF0-8BA2-769BEB4BDBC0}.Debug|x64.ActiveCfg = Debug|x64
		{87AD5FA6-C607-4DF0-8BA2-769BEB4BDBC0}.Debug|x64.Build.0 = Debug|x64
		{87AD5FA6-C607-4DF0-8BA2-769BEB4BDBC0}.Debug|x64.Deploy.0 = Debug|x64
		{87AD5FA6-C607-4DF0-8BA2-769BEB4BDBC0}.Debug|ARM64.ActiveCfg = Debug|ARM64
		{87AD5FA6-C607-4DF0-8BA2-769BEB4BDBC0}.Debug|ARM64.Build.0 = Debug|ARM64
		{87AD5FA6-C607-4DF0-8BA2-769BEB4BDBC0}.Debug|ARM64.Deploy.0 = Debug|ARM64
		{87AD5FA6-C607-4DF0-8BA2-769BEB4BDBC0}.Release|Win32.ActiveCfg = Release|Win32
		{87AD5FA6-C607-4DF0-8BA2-769BEB4BDBC0}.Release|Win32.Build.0 = Release|Win32
		{87AD5FA6-C607-4DF0-8BA2-769BEB4BDBC0}.Release|Win32.Deploy.0 = Release|Win32
		{87AD5FA6-C607-4DF0-8BA2-769BEB4BDBC0}.Release|x64.ActiveCfg = Release|x64
		{87AD5FA6-C607-4DF0-8BA2-769BEB4BDBC0}.Release|x64.Build.0 = Release|x64
		{87AD5FA6-C607-4DF0-8BA2-769BEB4BDBC0}.Release|x64.Deploy.0 = Release|x64
		{87AD5FA6-C607-4DF0-8BA2-769BEB4BDBC0}.Release|ARM64.ActiveCfg = Release|ARM64
		{87AD5FA6-C607-4DF0-8BA2-769BEB4BDBC0}.Release|ARM64.Build.0 = Release|ARM64
		{87AD5FA6-C607-4DF0-8BA2-769BEB4BDBC0}.Release|ARM64.Deploy.0 = Release|ARM64
		{08FFE91A-CC62-4357-856A-0379FA9CE526}.Debug|Win32.ActiveCfg = Debug|Win32
		{08FFE91A-CC62-4357-856A-0379FA9CE526}.Debug|Win32.Build.0 = Debug|Win32
		{08FFE91A-CC62-4357-856A-0379FA9CE526}.Debug|Win32.Deploy.0 = Debug|Win32
		{08FFE91A-CC62-4357-856A-0379FA9CE526}.Debug|x64.ActiveCfg = Debug|x64
		{08FFE91A-CC62-4357-856A-0379FA9CE526}.Debug|x64.Build.0 = Debug|x64
		{08FFE91A-CC62-4357-856A-0379FA9CE526}.Debug|x64.Deploy.0 = Debug|x64
		{08FFE91A-CC62-4357-856A-0379FA9CE526}.Debug|ARM64.ActiveCfg = Debug|ARM64
		{08FFE91A-CC62-4357-856A-0379FA9CE526}.Debug|ARM64.Build.0 = Debug|ARM64
		{08FFE91A-CC62-4357-856A-0379FA9CE526}.Debug|ARM64.Deploy.0 = Debug|ARM64
		{08FFE91A-CC62-4357-856A-0379FA9CE526}.Release|Win32.ActiveCfg = Release|Win32
		{08FFE91A-CC62-4357-856A-0379FA9CE526}.Release|Win32.Build.0 = Release|Win32
		{08FFE91A-CC62-4357-856A-0379FA9CE526}.Release|Win32.Deploy.0 = Release|Win32
		{08FFE91A-CC62-4357-856A-0379FA9CE526}.Release|x64.ActiveCfg = Release|x64
		{08FFE91A-CC62-4357-856A-0379FA9CE526}.Release|x64.Build.0 = Release|x64
		{08FFE91A-CC62-4357-856A-0379FA9CE526}.Release|x64.Deploy.0 = Release|x64
		{08FFE91A-CC62-4357-856A-0379FA9CE526}.Release|ARM64.ActiveCfg = Release|ARM64
		{08FFE91A-CC62-4357-856A-0379FA9CE526}.Release|ARM64.Build.0 = Release|ARM64
		{08FFE91A-CC62-4357-856A-0379FA9CE526}.Release|ARM64.Deploy.0 = Release|ARM64
		{55A6C6B3-EB1C-45D6-ABD3-F41B62EC8436}.Debug|Win32.ActiveCfg = Debug|Win32
		{55A6C6B3-EB1C-45D6-ABD3-F41B62EC8436}.Debug|Win32.Build.0 = Debug|Win32
		{55A6C6B3-EB1C-45D6-ABD3-F41B62EC8436}.Debug|Win32.Deploy.0 = Debug|Win32
		{55A6C6B3-EB1C-45D6-ABD3-F41B62EC8436}.Debug|x64.ActiveCfg = Debug|x64
		{55A6C6B3-EB1C-45D6-ABD3-F41B62EC8436}.Debug|x64.Build.0 = Debug|x64
		{55A6C6B3-EB1C-45D6-ABD3-F41B62EC8436}.Debug|x64.Deploy.0 = Debug|x64
		{55A6C6B3-EB1C-45D6-ABD3-F41B62EC8436}.Debug|ARM64.ActiveCfg = Debug|ARM64
		{55A6C6B3-EB1C-45D6-ABD3-F41B62EC8436}.Debug|ARM64.Build.0 = Debug|ARM64
		{55A6C6B3-EB1C-45D6-ABD3-F41B62EC8436}.Debug|ARM64.Deploy.0 = Debug|ARM64
		{55A6C6B3-EB1C-45D6-ABD3-F41B62EC8436}.Release|Win32.ActiveCfg = Release|Win32
		{55A6C6B3-EB1C-45D6-ABD3-F41B62EC8436}.Release|Win32.Build.0 = Release|Win32
		{55A6C6B3-EB1C-45D6-ABD3-F41B62EC8436}.Release|Win32.Deploy.0 = Release|Win32
		{55A6C6B3-EB1C-45D6-ABD3-F41B62EC8436}.Release|x64.ActiveCfg = Release|x64
		{55A6C6B3-EB1C-45D6-ABD3-F41B62EC8436}.Release|x64.Build.0 = Release|x64
		{55A6C6B3-EB1C-45D6-ABD3-F41B62EC8436}.Release|x64.Deploy.0 = Release|x64
		{55A6C6B3-EB1C-45D6-ABD3-F41B62EC8436}.Release|ARM64.ActiveCfg = Release|ARM64
		{55A6C6B3-EB1C-45D6-ABD3-F41B62EC8436}.Release|ARM64.Build.0 = Release|ARM64
		{55A6C6B3-EB1C-45D6-ABD3-F41B62EC8436}.Release|ARM64.Deploy.0 = Release|ARM64
		{45B62C09-000B-49AB-A8DF-9F89F22FD4F8}.Debug|Win32.ActiveCfg = Debug|Win32
		{45B62C09-000B-49AB-A8DF-9F89F22FD4F8}.Debug|Win32.Build.0 = Debug|Win32
		{45B62C09-000B-49AB-A8DF-9F89F22FD4F8}.Debug|Win32.Deploy.0 = Debug|Win32
		{45B62C09-000B-49AB-A8DF-9F89F22FD4F8}.Debug|x64.ActiveCfg = Debug|x64
		{45B62C09-000B-49AB-A8DF-9F89F22FD4F8}.Debug|x64.Build.0 = Debug|x64
		{45B62C09-000B-49AB-A8DF-9F89F22FD4F8}.Debug|x64.Deploy.0 = Debug|x64
		{45B62C09-000B-49AB-A8DF-9F89F22FD4F8}.Debug|ARM64.ActiveCfg = Debug|ARM64
		{45B62C09-000B-49AB-A8DF-9F89F22FD4F8}.Debug|ARM64.Build.0 = Debug|ARM64
		{45B62C09-000B-49AB-A8DF-9F89F22FD4F8}.Debug|ARM64.Deploy.0 = Debug|ARM64
		{45B62C09-000B-49AB-A8DF-9F89F22FD4F8}.Release|Win32.ActiveCfg = Release|Win32
		{45B62C09-000B-49AB-A8DF-9F89F22FD4F8}.Release|Win32.Build.0 = Release|Win32
		{45B62C09-000B-49AB-A8DF-9F89F22FD4F8}.Release|Win32.Deploy.0 = Release|Win32
		{45B62C09-000B-49AB-A8DF-9F89F22FD4F8}.Release|x64.ActiveCfg = Release|x64
		{45B62C09-000B-49AB-A8DF-9F89F22FD4F8}.Release|x64.Build.0 = Release|x64
		{45B62C09-000B-49AB-A8DF-9F89F22FD4F8}.Release|x64.Deploy.0 = Release|x64
		{45B62C09-000B-49AB-A8DF-9F89F22FD4F8}.Release|ARM64.ActiveCfg = Release|ARM64
		{45B62C09-000B-49AB-A8DF-9F89F22FD4F8}.Release|ARM64.Build.0 = Release|ARM64
		{45B62C09-000B-49AB-A8DF-9F89F22FD4F8}.Release|ARM64.Deploy.0 = Release|ARM64
		{147DC4C6-48E1-4018-A90C-C048452874B0}.Debug|Win32.ActiveCfg = Debug|Win32
		{147DC4C6-48E1-4018-A90C-C048452874B0}.Debug|Win32.Build.0 = Debug|Win32
		{147DC4C6-48E1-4018-A90C-C048452874B0}.Debug|Win32.Deploy.0 = Debug|Win32
		{147DC4C6-48E1-4018-A90C-C048452874B0}.Debug|x64.ActiveCfg = Debug|x64
		{147DC4C6-48E1-4018-A90C-C048452874B0}.Debug|x64.Build.0 = Debug|x64
		{147DC4C6-48E1-4018-A90C-C048452874B0}.Debug|x64.Deploy.0 = Debug|x64
		{147DC4C6-48E1-4018-A90C-C048452874B0}.Debug|ARM64.ActiveCfg = Debug|ARM64
		{147DC4C6-48E1-4018-A90C-C048452874B0}.Debug|ARM64.Build.0 = Debug|ARM64
		{147DC4C6-48E1-4018-A90C-C048452874B0}.Debug|ARM64.Deploy.0 = Debug|ARM64
		{147DC4C6-48E1-4018-A90C-C048452874B0}.Release|Win32.ActiveCfg = Release|Win32
		{147DC4C6-48E1-4018-A90C-C048452874B0}.Release|Win32.Build.0 = Release|Win32
		{147DC4C6-48E1-4018-A90C-C048452874B0}.Release|Win32.Deploy.0 = Release|Win32
		{147DC4C6-48E1-4018-A90C-C048452874B0}.Release|x64.ActiveCfg = Release|x64
		{147DC4C6-48E1-4018-A90C-C048452874B0}.Release|x64.Build.0 = Release|x64
		{147DC4C6-48E1-4018-A90C-C048452874B0}.Release|x64.Deploy.0 = Release|x64
		{147DC4C6-48E1-4018-A90C-C048452874B0}.Release|ARM64.ActiveCfg = Release|ARM64
		{147DC4C6-48E1-4018-A90C-C048452874B0}.Release|ARM64.Build.0 = Release|ARM64
		{147DC4C6-48E1-4018-A90C-C048452874B0}.Release|ARM64.Deploy.0 = Release|ARM64
		{8F52BF20-643E-46AB-8807-6FB48DC52B35}.Debug|Win32.ActiveCfg = Debug|Win32
		{8F52BF20-643E-46AB-8807-6FB48DC52B35}.Debug|Win32.Build.0 = Debug|Win32
		{8F52BF20-643E-46AB-8807-6FB48DC52B35}.Debug|Win32.Deploy.0 = Debug|Win32
		{8F52BF20-643E-46AB-8807-6FB48DC52B35}.Debug|x64.ActiveCfg = Debug|x64
		{8F52BF20-643E-46AB-8807-6FB48DC52B35}.Debug|x64.Build.0 = Debug|x64
		{8F52BF20-643E-46AB-8807-6FB48DC52B35}.Debug|x64.Deploy.0 = Debug|x64
		{8F52BF20-643E-46AB-8807-6FB48DC52B35}.Debug|ARM64.ActiveCfg = Debug|ARM64
		{8F52BF20-643E-46AB-8807-6FB48DC52B35}.Debug|ARM64.Build.0 = Debug|ARM64
		{8F52BF20-643E-46AB-8807-6FB48DC52B35}.Debug|ARM64.Deploy.0 = Debug|ARM64
		{8F52BF20-643E-46AB-8807-6FB48DC52B35}.Release|Win32.ActiveCfg = Release|Win32
		{8F52BF20-643E-46AB-8807-6FB48DC52B35}.Release|Win32.Build.0 = Release|Win32
		{8F52BF20-643E-46AB-8807-6FB48DC52B35}.Release|Win32.Deploy.0 = Release|Win32
		{8F52BF20-643E-46AB-8807-6FB48DC52B35}.Release|x64.ActiveCfg = Release|x64
		{8F52BF20-643E-46AB-8807-6FB48DC52B35}.Release|x64.Build.0 = Release|x64
		{8F52BF20-643E-46AB-8807-6FB48DC52B35}.Release|x64.Deploy.0 = Release|x64
		{8F52BF20-643E-46AB-8807-6FB48DC52B35}.Release|ARM64.ActiveCfg = Release|ARM64
		{8F52BF20-643E-46AB-8807-6FB48DC52B35}.Release|ARM64.Build.0 = Release|ARM64
		{8F52BF20-643E-46AB-8807-6FB48DC52B35}.Release|ARM64.Deploy.0 = Release|ARM64
		{9E16C707-0F5E-4521-9A58-FA0A742259C7}.Debug|Win32.ActiveCfg = Debug|Win32
		{9E16C707-0F5E-4521-9A58-FA0A742259C7}.Debug|Win32.Build.0 = Debug|Win32
		{9E16C707-0F5E-4521-9A58-FA0A742259C7}.Debug|Win32.Deploy.0 = Debug|Win32
		{9E16C707-0F5E-4521-9A58-FA0A742259C7}.Debug|x64.ActiveCfg = Debug|x64
		{9E16C707-0F5E-4521-9A58-FA0A742259C7}.Debug|x64.Build.0 = Debug|x64
		{9E16C707-0F5E-4521-9A58-FA0A742259C7}.Debug|x64.Deploy.0 = Debug|x64
		{9E16C707-0F5E-4521-9A58-FA0A742259C7}.Debug|ARM64.ActiveCfg = Debug|ARM64
		{9E16C707-0F5E-4521-9A58-FA0A742259C7}.Debug|ARM64.Build.0 = Debug|ARM64
		{9E16C707-0F5E-4521-9A58-FA0A742259C7}.Debug|ARM64.Deploy.0 = Debug|ARM64
		{9E16C707-0F5E-4521-9A58-FA0A742259C7}.Release|Win32.ActiveCfg = Release|Win32
		{9E16C707-0F5E-4521-9A58-FA0A742259C7}.Release|Win32.Build.0 = Release|Win32
		{9E16C707-0F5E-4521-9A58-FA0A742259C7}.Release|Win32.Deploy.0 = Release|Win32
		{9E16C707-0F5E-4521-9A58-FA0A742259C7}.Release|x64.ActiveCfg = Release|x64
		{9E16C707-0F5E-4521-9A58-FA0A742259C7}.Release|x64.Build.0 = Release|x64
		{9E16C707-0F5E-4521-9A58-FA0A742259C7}.Release|x64.Deploy.0 = Release|x64
		{9E16C707-0F5E-4521-9A58-FA0A742259C7}.Release|ARM64.ActiveCfg = Release|ARM64
		{9E16C707-0F5E-4521-9A58-FA0A742259C7}.Release|ARM64.Build.0 = Release|ARM64
		{9E16C707-0F5E-4521-9A58-FA0A742259C7}.Release|ARM64.Deploy.0 = Release|ARM64
		{3F19F028-816A-47A7-BCEF-2A3989688534}.Debug|Win32.ActiveCfg = Debug|Win32
		{3F19F028-816A-47A7-BCEF-2A3989688534}.Debug|Win32.Build.0 = Debug|Win32
		{3F19F028-816A-47A7-BCEF-2A3989688534}.Debug|Win32.Deploy.0 = Debug|Win32
		{3F19F028-816A-47A7-BCEF-2A3989688534}.Debug|x64.ActiveCfg = Debug|x64
		{3F19F028-816A-47A7-BCEF-2A3989688534}.Debug|x64.Build.0 = Debug|x64
		{3F19F028-816A-47A7-BCEF-2A3989688534}.Debug|x64.Deploy.0 = Debug|x64
		{3F19F028-816A-47A7-BCEF-2A3989688534}.Debug|ARM64.ActiveCfg = Debug|ARM64
		{3F19F028-816A-47A7-BCEF-2A3989688534}.Debug|ARM64.Build.0 = Debug|ARM64
		{3F19F028-816A-47A7-BCEF-2A3989688534}.Debug|ARM64.Deploy.0 = Debug|ARM64
		{3F19F028-816A-47A7-BCEF-2A3989688534}.Release|Win32.ActiveCfg = Release|Win32
		{3F19F028-816A-47A7-BCEF-2A3989688534}.Release|Win32.Build.0 = Release|Win32
		{3F19F028-816A-47A7-BCEF-2A3989688534}.Release|Win32.Deploy.0 = Release|Win32
		{3F19F028-816A-47A7-BCEF-2A3989688534}.Release|x64.ActiveCfg = Release|x64
		{3F19F028-816A-47A7-BCEF-2A3989688534}.Release|x64.Build.0 = Release|x64
		{3F19F028-816A-47A7-BCEF-2A3989688534}.Release|x64.Deploy.0 = Release|x64
		{3F19F028-816A-47A7-BCEF-2A3989688534}.Release|ARM64.ActiveCfg = Release|ARM64
		{3F19F028-816A-47A7-BCEF-2A3989688534}.Release|ARM64.Build.0 = Release|ARM64
		{3F19F028-816A-47A7-BCEF-2A3989688534}.Release|ARM64.Deploy.0 = Release|ARM64
		{B11F9602-049A-4AAD-A1E7-447ACFFD48BB}.Debug|Win32.ActiveCfg = Debug|Win32
		{B11F9602-049A-4AAD-A1E7-447ACFFD48BB}.Debug|Win32.Build.0 = Debug|Win32
		{B11F9602-049A-4AAD-A1E7-447ACFFD48BB}.Debug|Win32.Deploy.0 = Debug|Win32
		{B11F9602-049A-4AAD-A1E7-447ACFFD48BB}.Debug|x64.ActiveCfg = Debug|x64
		{B11F9602-049A-4AAD-A1E7-447ACFFD48BB}.Debug|x64.Build.0 = Debug|x64
		{B11F9602-049A-4AAD-A1E7-447ACFFD48BB}.Debug|x64.Deploy.0 = Debug|x64
		{B11F9602-049A-4AAD-A1E7-447ACFFD48BB}.Debug|ARM64.ActiveCfg = Debug|ARM64
		{B11F9602-049A-4AAD-A1E7-447ACFFD48BB}.Debug|ARM64.Build.0 = Debug|ARM64
		{B11F9602-049A-4AAD-A1E7-447ACFFD48BB}.Debug|ARM64.Deploy.0 = Debug|ARM64
		{B11F9602-049A-4AAD-A1E7-447ACFFD48BB}.Release|Win32.ActiveCfg = Release|Win32
		{B11F9602-049A-4AAD-A1E7-447ACFFD48BB}.Release|Win32.Build.0 = Release|Win32
		{B11F9602-049A-4AAD-A1E7-447ACFFD48BB}.Release|Win32.Deploy.0 = Release|Win32
		{B11F9602-049A-4AAD-A1E7-447ACFFD48BB}.Release|x64.ActiveCfg = Release|x64
		{B11F9602-049A-4AAD-A1E7-447ACFFD48BB}.Release|x64.Build.0 = Release|x64
		{B11F9602-049A-4AAD-A1E7-447ACFFD48BB}.Release|x64.Deploy.0 = Release|x64
		{B11F9602-049A-4AAD-A1E7-447ACFFD48BB}.Release|ARM64.ActiveCfg = Release|ARM64
		{B11F9602-049A-4AAD-A1E7-447ACFFD48BB}.Release|ARM64.Build.0 = Release|ARM64
		{B11F9602-049A-4AAD-A1E7-447ACFFD48BB}.Release|ARM64.Deploy.0 = Release|ARM64
		{20C43E57-BD89-468D-AFA7-83583E85B332}.Debug|Win32.ActiveCfg = Debug|Win32
		{20C43E57-BD89-468D-AFA7-83583E85B332}.Debug|Win32.Build.0 = Debug|Win32
		{20C43E57-BD89-468D-AFA7-83583E85B332}.Debug|Win32.Deploy.0 = Debug|Win32
		{20C43E57-BD89-468D-AFA7-83583E85B332}.Debug|x64.ActiveCfg = Debug|x64
		{20C43E57-BD89-468D-AFA7-83583E85B332}.Debug|x64.Build.0 = Debug|x64
		{20C43E57-BD89-468D-AFA7-83583E85B332}.Debug|x64.Deploy.0 = Debug|x64
		{20C43E57-BD89-468D-AFA7-83583E85B332}.Debug|ARM64.ActiveCfg = Debug|ARM64
		{20C43E57-BD89-468D-AFA7-83583E85B332}.Debug|ARM64.Build.0 = Debug|ARM64
		{20C43E57-BD89-468D-AFA7-83583E85B332}.Debug|ARM64.Deploy.0 = Debug|ARM64
		{20C43E57-BD89-468D-AFA7-83583E85B332}.Release|Win32.ActiveCfg = Release|Win32
		{20C43E57-BD89-468D-AFA7-83583E85B332}.Release|Win32.Build.0 = Release|Win32
		{20C43E57-BD89-468D-AFA7-83583E85B332}.Release|Win32.Deploy.0 = Release|Win32
		{20C43E57-BD89-468D-AFA7-83583E85B332}.Release|x64.ActiveCfg = Release|x64
		{20C43E57-BD89-468D-AFA7-83583E85B332}.Release|x64.Build.0 = Release|x64
		{20C43E57-BD89-468D-AFA7-83583E85B332}.Release|x64.Deploy.0 = Release|x64
		{20C43E57-BD89-468D-AFA7-83583E85B332}.Release|ARM64.ActiveCfg = Release|ARM64
		{20C43E57-BD89-468D-AFA7-83583E85B332}.Release|ARM64.Build.0 = Release|ARM64
		{20C43E57-BD89-468D-AFA7-83583E85B332}.Release|ARM64.Deploy.0 = Release|ARM64
		{9110FF5A-0E6F-498A-8644-C4676E2512F7}.Debug|Win32.ActiveCfg = Debug|Win32
		{9110FF5A-0E6F-498A-8644-C4676E2512F7}.Debug|Win32.Build.0 = Debug|Win32
		{9110FF5A-0E6F-498A-8644-C4676E2512F7}.Debug|Win32.Deploy.0 = Debug|Win32
		{9110FF5A-0E6F-498A-8644-C4676E2512F7}.Debug|x64.ActiveCfg = Debug|x64
		{9110FF5A-0E6F-498A-8644-C4676E2512F7}.Debug|x64.Build.0 = Debug|x64
		{9110FF5A-0E6F-498A-8644-C4676E2512F7}.Debug|x64.Deploy.0 = Debug|x64
		{9110FF5A-0E6F-498A-8644-C4676E2512F7}.Debug|ARM64.ActiveCfg = Debug|ARM64
		{9110FF5A-0E6F-498A-8644-C4676E2512F7}.Debug|ARM64.Build.0 = Debug|ARM64
		{9110FF5A-0E6F-498A-8644-C4676E2512F7}.Debug|ARM64.Deploy.0 = Debug|ARM64
		{9110FF5A-0E6F-498A-8644-C4676E2512F7}.Release|Win32.ActiveCfg = Release|Win32
		{9110FF5A-0E6F-498A-8644-C4676E2512F7}.Release|Win32.Build.0 = Release|Win32
		{9110FF5A-0E6F-498A-8644-C4676E2512F7}.Release|Win32.Deploy.0 = Release|Win32
		{9110FF5A-0E6F-498A-8644-C4676E2512F7}.Release|x64.ActiveCfg = Release|x64
		{9110FF5A-0E6F-498A-8644-C4676E2512F7}.Release|x64.Build.0 = Release|x64
		{9110FF5A-0E6F-498A-8644-C4676E2512F7}.Release|x64.Deploy.0 = Release|x64
		{9110FF5A-0E6F-498A-8644-C4676E2512F7}.Release|ARM64.ActiveCfg = Release|ARM64
		{9110FF5A-0E6F-498A-8644-C4676E2512F7}.Release|ARM64.Build.0 = Release|ARM64
		{9110FF5A-0E6F-498A-8644-C4676E2512F7}.Release|ARM64.Deploy.0 = Release|ARM64
		{CF6AD8DE-783A-4D4C-A5C5-B15821005AA8}.Debug|Win32.ActiveCfg = Debug|Win32
		{CF6AD8DE-783A-4D4C-A5C5-B15821005AA8}.Debug|Win32.Build.0 = Debug|Win32
		{CF6AD8DE-783A-4D4C-A5C5-B15821005AA8}.Debug|Win32.Deploy.0 = Debug|Win32
		{CF6AD8DE-783A-4D4C-A5C5-B15821005AA8}.Debug|x64.ActiveCfg = Debug|x64
		{CF6AD8DE-783A-4D4C-A5C5-B15821005AA8}.Debug|x64.Build.0 = Debug|x64
		{CF6AD8DE-783A-4D4C-A5C5-B15821005AA8}.Debug|x64.Deploy.0 = Debug|x64
		{CF6AD8DE-783A-4D4C-A5C5-B15821005AA8}.Debug|ARM64.ActiveCfg = Debug|ARM64
		{CF6AD8DE-783A-4D4C-A5C5-B15821005AA8}.Debug|ARM64.Build.0 = Debug|ARM64
		{CF6AD8DE-783A-4D4C-A5C5-B15821005AA8}.Debug|ARM64.Deploy.0 = Debug|ARM64
		{CF6AD8DE-783A-4D4C-A5C5-B15821005AA8}.Release|Win32.ActiveCfg = Release|Win32
		{CF6AD8DE-783A-4D4C-A5C5-B15821005AA8}.Release|Win32.Build.0 = Release|Win32
		{CF6AD8DE-783A-4D4C-A5C5-B15821005AA8}.Release|Win32.Deploy.0 = Release|Win32
		{CF6AD8DE-783A-4D4C-A5C5-B15821005AA8}.Release|x64.ActiveCfg = Release|x64
		{CF6AD8DE-783A-4D4C-A5C5-B15821005AA8}.Release|x64.Build.0 = Release|x64
		{CF6AD8DE-783A-4D4C-A5C5-B15821005AA8}.Release|x64.Deploy.0 = Release|x64
		{CF6AD8DE-783A-4D4C-A5C5-B15821005AA8}.Release|ARM64.ActiveCfg = Release|ARM64
		{CF6AD8DE-783A-4D4C-A5C5-B15821005AA8}.Release|ARM64.Build.0 = Release|ARM64
		{CF6AD8DE-783A-4D4C-A5C5-B15821005AA8}.Release|ARM64.Deploy.0 = Release|ARM64
		{012395B9-0619-4F92-A3A1-849E428FA9C5}.Debug|Win32.ActiveCfg = Debug|Win32
		{012395B9-0619-4F92-A3A1-849E428FA9C5}.Debug|Win32.Build.0 = Debug|Win32
		{012395B9-0619-4F92-A3A1-849E428FA9C5}.Debug|Win32.Deploy.0 = Debug|Win32
		{012395B9-0619-4F92-A3A1-849E428FA9C5}.Debug|x64.ActiveCfg = Debug|x64
		{012395B9-0619-4F92-A3A1-849E428FA9C5}.Debug|x64.Build.0 = Debug|x64
		{012395B9-0619-4F92-A3A1-849E428FA9C5}.Debug|x64.Deploy.0 = Debug|x64
		{012395B9-0619-4F92-A3A1-849E428FA9C5}.Debug|ARM64.ActiveCfg = Debug|ARM64
		{012395B9-0619-4F92-A3A1-849E428FA9C5}.Debug|ARM64.Build.0 = Debug|ARM64
		{012395B9-0619-4F92-A3A1-849E428FA9C5}.Debug|ARM64.Deploy.0 = Debug|ARM64
		{012395B9-0619-4F92-A3A1-849E428FA9C5}.Release|Win32.ActiveCfg = Release|Win32
		{012395B9-0619-4F92-A3A1-849E428FA9C5}.Release|Win32.Build.0 = Release|Win32
		{012395B9-0619-4F92-A3A1-849E428FA9C5}.Release|Win32.Deploy.0 = Release|Win32
		{012395B9-0619-4F92-A3A1-849E428FA9C5}.Release|x64.ActiveCfg = Release|x64
		{012395B9-0619-4F92-A3A1-849E428FA9C5}.Release|x64.Build.0 = Release|x64
		{012395B9-0619-4F92-A3A1-849E428FA9C5}.Release|x64.Deploy.0 = Release|x64
		{012395B9-0619-4F92-A3A1-849E428FA9C5}.Release|ARM64.ActiveCfg = Release|ARM64
		{012395B9-0619-4F92-A3A1-849E428FA9C5}.Release|ARM64.Build.0 = Release|ARM64
		{012395B9-0619-4F92-A3A1-849E428FA9C5}.Release|ARM64.Deploy.0 = Release|ARM64
		{30AA49F0-403C-42A8-85D9-9368BD7D094F}.Debug|Win32.ActiveCfg = Debug|Win32
		{30AA49F0-403C-42A8-85D9-9368BD7D094F}.Debug|Win32.Build.0 = Debug|Win32
		{30AA49F0-403C-42A8-85D9-9368BD7D094F}.Debug|Win32.Deploy.0 = Debug|Win32
		{30AA49F0-403C-42A8-85D9-9368BD7D094F}.Debug|x64.ActiveCfg = Debug|x64
		{30AA49F0-403C-42A8-85D9-9368BD7D094F}.Debug|x64.Build.0 = Debug|x64
		{30AA49F0-403C-42A8-85D9-9368BD7D094F}.Debug|x64.Deploy.0 = Debug|x64
		{30AA49F0-403C-42A8-85D9-9368BD7D094F}.Debug|ARM64.ActiveCfg = Debug|ARM64
		{30AA49F0-403C-42A8-85D9-9368BD7D094F}.Debug|ARM64.Build.0 = Debug|ARM64
		{30AA49F0-403C-42A8-85D9-9368BD7D094F}.Debug|ARM64.Deploy.0 = Debug|ARM64
		{30AA49F0-403C-42A8-85D9-9368BD7D094F}.Release|Win32.ActiveCfg = Release|Win32
		{30AA49F0-403C-42A8-85D9-9368BD7D094F}.Release|Win32.Build.0 = Release|Win32
		{30AA49F0-403C-42A8-85D9-9368BD7D094F}.Release|Win32.Deploy.0 = Release|Win32
		{30AA49F0-403C-42A8-85D9-9368BD7D094F}.Release|x64.ActiveCfg = Release|x64
		{30AA49F0-403C-42A8-85D9-9368BD7D094F}.Release|x64.Build.0 = Release|x64
		{30AA49F0-403C-42A8-85D9-9368BD7D094F}.Release|x64.Deploy.0 = Release|x64
		{30AA49F0-403C-42A8-85D9-9368BD7D094F}.Release|ARM64.ActiveCfg = Release|ARM64
		{30AA49F0-403C-42A8-85D9-9368BD7D094F}.Release|ARM64.Build.0 = Release|ARM64
		{30AA49F0-403C-42A8-85D9-9368BD7D094F}.Release|ARM64.Deploy.0 = Release|ARM64
		{9F5AA538-A0B5-43BE-97BA-2699A8B3BCCC}.Debug|Win32.ActiveCfg = Debug|Win32
		{9F5AA538-A0B5-43BE-97BA-2699A8B3BCCC}.Debug|Win32.Build.0 = Debug|Win32
		{9F5AA538-A0B5-43BE-97BA-2699A8B3BCCC}.Debug|Win32.Deploy.0 = Debug|Win32
		{9F5AA538-A0B5-43BE-97BA-2699A8B3BCCC}.Debug|x64.ActiveCfg = Debug|x64
		{9F5AA538-A0B5-43BE-97BA-2699A8B3BCCC}.Debug|x64.Build.0 = Debug|x64
		{9F5AA538-A0B5-43BE-97BA-2699A8B3BCCC}.Debug|x64.Deploy.0 = Debug|x64
		{9F5AA538-A0B5-43BE-97BA-2699A8B3BCCC}.Debug|ARM64.ActiveCfg = Debug|ARM64
		{9F5AA538-A0B5-43BE-97BA-2699A8B3BCCC}.Debug|ARM64.Build.0 = Debug|ARM64
		{9F5AA538-A0B5-43BE-97BA-2699A8B3BCCC}.Debug|ARM64.Deploy.0 = Debug|ARM64
		{9F5AA538-A0B5-43BE-97BA-2699A8B3BCCC}.Release|Win32.ActiveCfg = Release|Win32
		{9F5AA538-A0B5-43BE-97BA-2699A8B3BCCC}.Release|Win32.Build.0 = Release|Win32
		{9F5AA538-A0B5-43BE-97BA-2699A8B3BCCC}.Release|Win32.Deploy.0 = Release|Win32
		{9F5AA538-A0B5-43BE-97BA-2699A8B3BCCC}.Release|x64.ActiveCfg = Release|x64
		{9F5AA538-A0B5-43BE-97BA-2699A8B3BCCC}.Release|x64.Build.0 = Release|x64
		{9F5AA538-A0B5-43BE-97BA-2699A8B3BCCC}.Release|x64.Deploy.0 = Release|x64
		{9F5AA538-A0B5-43BE-97BA-2699A8B3BCCC}.Release|ARM64.ActiveCfg = Release|ARM64
		{9F5AA538-A0B5-43BE-97BA-2699A8B3BCCC}.Release|ARM64.Build.0 = Release|ARM64
		{9F5AA538-A0B5-43BE-97BA-2699A8B3BCCC}.Release|ARM64.Deploy.0 = Release|ARM64
		{81A80C7F-07A9-47C2-BA06-0FDF6CEDD534}.Debug|Win32.ActiveCfg = Debug|Win32
		{81A80C7F-07A9-47C2-BA06-0FDF6CEDD534}.Debug|Win32.Build.0 = Debug|Win32
		{81A80C7F-07A9-47C2-BA06-0FDF6CEDD534}.Debug|Win32.Deploy.0 = Debug|Win32
		{81A80C7F-07A9-47C2-BA06-0FDF6CEDD534}.Debug|x64.ActiveCfg = Debug|x64
		{81A80C7F-07A9-47C2-BA06-0FDF6CEDD534}.Debug|x64.Build.0 = Debug|x64
		{81A80C7F-07A9-47C2-BA06-0FDF6CEDD534}.Debug|x64.Deploy.0 = Debug|x64
		{81A80C7F-07A9-47C2-BA06-0FDF6CEDD534}.Debug|ARM64.ActiveCfg = Debug|ARM64
		{81A80C7F-07A9-47C2-BA06-0FDF6CEDD534}.Debug|ARM64.Build.0 = Debug|ARM64
		{81A80C7F-07A9-47C2-BA06-0FDF6CEDD534}.Debug|ARM64.Deploy.0 = Debug|ARM64
		{81A80C7F-07A9-47C2-BA06-0FDF6CEDD534}.Release|Win32.ActiveCfg = Release|Win32
		{81A80C7F-07A9-47C2-BA06-0FDF6CEDD534}.Release|Win32.Build.0 = Release|Win32
		{81A80C7F-07A9-47C2-BA06-0FDF6CEDD534}.Release|Win32.Deploy.0 = Release|Win32
		{81A80C7F-07A9-47C2-BA06-0FDF6CEDD534}.Release|x64.ActiveCfg = Release|x64
		{81A80C7F-07A9-47C2-BA06-0FDF6CEDD534}.Release|x64.Build.0 = Release|x64
		{81A80C7F-07A9-47C2-BA06-0FDF6CEDD534}.Release|x64.Deploy.0 = Release|x64
		{81A80C7F-07A9-47C2-BA06-0FDF6CEDD534}.Release|ARM64.ActiveCfg = Release|ARM64
		{81A80C7F-07A9-47C2-BA06-0FDF6CEDD534}.Release|ARM64.Build.0 = Release|ARM64
		{81A80C7F-07A9-47C2-BA06-0FDF6CEDD534}.Release|ARM64.Deploy.0 = Release|ARM64
		{967B4F9F-64AA-4D18-A70B-85679ECB2139}.Debug|Win32.ActiveCfg = Debug|Win32
		{967B4F9F-64AA-4D18-A70B-85679ECB2139}.Debug|Win32.Build.0 = Debug|Win32
		{967B4F9F-64AA-4D18-A70B-85679ECB2139}.Debug|Win32.Deploy.0 = Debug|Win32
		{967B4F9F-64AA-4D18-A70B-85679ECB2139}.Debug|x64.ActiveCfg = Debug|x64
		{967B4F9F-64AA-4D18-A70B-85679ECB2139}.Debug|x64.Build.0 = Debug|x64
		{967B4F9F-64AA-4D18-A70B-85679ECB2139}.Debug|x64.Deploy.0 = Debug|x64
		{967B4F9F-64AA-4D18-A70B-85679ECB2139}.Debug|ARM64.ActiveCfg = Debug|ARM64
		{967B4F9F-64AA-4D18-A70B-85679ECB2139}.Debug|ARM64.Build.0 = Debug|ARM64
		{967B4F9F-64AA-4D18-A70B-85679ECB2139}.Debug|ARM64.Deploy.0 = Debug|ARM64
		{967B4F9F-64AA-4D18-A70B-85679ECB2139}.Release|Win32.ActiveCfg = Release|Win32
		{967B4F9F-64AA-4D18-A70B-85679ECB2139}.Release|Win32.Build.0 = Release|Win32
		{967B4F9F-64AA-4D18-A70B-85679ECB2139}.Release|Win32.Deploy.0 = Release|Win32
		{967B4F9F-64AA-4D18-A70B-85679ECB2139}.Release|x64.ActiveCfg = Release|x64
		{967B4F9F-64AA-4D18-A70B-85679ECB2139}.Release|x64.Build.0 = Release|x64
		{967B4F9F-64AA-4D18-A70B-85679ECB2139}.Release|x64.Deploy.0 = Release|x64
		{967B4F9F-64AA-4D18-A70B-85679ECB2139}.Release|ARM64.ActiveCfg = Release|ARM64
		{967B4F9F-64AA-4D18-A70B-85679ECB2139}.Release|ARM64.Build.0 = Release|ARM64
		{967B4F9F-64AA-4D18-A70B-85679ECB2139}.Release|ARM64.Deploy.0 = Release|ARM64
		{9F630AA3-3E98-49FB-BAFF-46BB777E9347}.Debug|Win32.ActiveCfg = Debug|Win32
		{9F630AA3-3E98-49FB-BAFF-46BB777E9347}.Debug|Win32.Build.0 = Debug|Win32
		{9F630AA3-3E98-49FB-BAFF-46BB777E9347}.Debug|Win32.Deploy.0 = Debug|Win32
		{9F630AA3-3E98-49FB-BAFF-46BB777E9347}.Debug|x64.ActiveCfg = Debug|x64
		{9F630AA3-3E98-49FB-BAFF-46BB777E9347}.Debug|x64.Build.0 = Debug|x64
		{9F630AA3-3E98-49FB-BAFF-46BB777E9347}.Debug|x64.Deploy.0 = Debug|x64
		{9F630AA3-3E98-49FB-BAFF-46BB777E9347}.Debug|ARM64.ActiveCfg = Debug|ARM64
		{9F630AA3-3E98-49FB-BAFF-46BB777E9347}.Debug|ARM64.Build.0 = Debug|ARM64
		{9F630AA3-3E98-49FB-BAFF-46BB777E9347}.Debug|ARM64.Deploy.0 = Debug|ARM64
		{9F630AA3-3E98-49FB-BAFF-46BB777E9347}.Release|Win32.ActiveCfg = Release|Win32
		{9F630AA3-3E98-49FB-BAFF-46BB777E9347}.Release|Win32.Build.0 = Release|Win32
		{9F630AA3-3E98-49FB-BAFF-46BB777E9347}.Release|Win32.Deploy.0 = Release|Win32
		{9F630AA3-3E98-49FB-BAFF-46BB777E9347}.Release|x64.ActiveCfg = Release|x64
		{9F630AA3-3E98-49FB-BAFF-46BB777E9347}.Release|x64.Build.0 = Release|x64
		{9F630AA3-3E98-49FB-BAFF-46BB777E9347}.Release|x64.Deploy.0 = Release|x64
		{9F630AA3-3E98-49FB-BAFF-46BB777E9347}.Release|ARM64.ActiveCfg = Release|ARM64
		{9F630AA3-3E98-49FB-BAFF-46BB777E9347}.Release|ARM64.Build.0 = Release|ARM64
		{9F630AA3-3E98-49FB-BAFF-46BB777E9347}.Release|ARM64.Deploy.0 = Release|ARM64
		{AE9C0F84-4920-4807-AD74-0AC87BF5DB85}.Debug|Win32.ActiveCfg = Debug|Win32
		{AE9C0F84-4920-4807-AD74-0AC87BF5DB85}.Debug|Win32.Build.0 = Debug|Win32
		{AE9C0F84-4920-4807-AD74-0AC87BF5DB85}.Debug|Win32.Deploy.0 = Debug|Win32
		{AE9C0F84-4920-4807-AD74-0AC87BF5DB85}.Debug|x64.ActiveCfg = Debug|x64
		{AE9C0F84-4920-4807-AD74-0AC87BF5DB85}.Debug|x64.Build.0 = Debug|x64
		{AE9C0F84-4920-4807-AD74-0AC87BF5DB85}.Debug|x64.Deploy.0 = Debug|x64
		{AE9C0F84-4920-4807-AD74-0AC87BF5DB85}.Debug|ARM64.ActiveCfg = Debug|ARM64
		{AE9C0F84-4920-4807-AD74-0AC87BF5DB85}.Debug|ARM64.Build.0 = Debug|ARM64
		{AE9C0F84-4920-4807-AD74-0AC87BF5DB85}.Debug|ARM64.Deploy.0 = Debug|ARM64
		{AE9C0F84-4920-4807-AD74-0AC87BF5DB85}.Release|Win32.ActiveCfg = Release|Win32
		{AE9C0F84-4920-4807-AD74-0AC87BF5DB85}.Release|Win32.Build.0 = Release|Win32
		{AE9C0F84-4920-4807-AD74-0AC87BF5DB85}.Release|Win32.Deploy.0 = Release|Win32
		{AE9C0F84-4920-4807-AD74-0AC87BF5DB85}.Release|x64.ActiveCfg = Release|x64
		{AE9C0F84-4920-4807-AD74-0AC87BF5DB85}.Release|x64.Build.0 = Release|x64
		{AE9C0F84-4920-4807-AD74-0AC87BF5DB85}.Release|x64.Deploy.0 = Release|x64
		{AE9C0F84-4920-4807-AD74-0AC87BF5DB85}.Release|ARM64.ActiveCfg = Release|ARM64
		{AE9C0F84-4920-4807-AD74-0AC87BF5DB85}.Release|ARM64.Build.0 = Release|ARM64
		{AE9C0F84-4920-4807-AD74-0AC87BF5DB85}.Release|ARM64.Deploy.0 = Release|ARM64
		{91FAFD26-BB00-47E6-9BF3-7518BE9A0FE6}.Debug|Win32.ActiveCfg = Debug|Win32
		{91FAFD26-BB00-47E6-9BF3-7518BE9A0FE6}.Debug|Win32.Build.0 = Debug|Win32
		{91FAFD26-BB00-47E6-9BF3-7518BE9A0FE6}.Debug|Win32.Deploy.0 = Debug|Win32
		{91FAFD26-BB00-47E6-9BF3-7518BE9A0FE6}.Debug|x64.ActiveCfg = Debug|x64
		{91FAFD26-BB00-47E6-9BF3-7518BE9A0FE6}.Debug|x64.Build.0 = Debug|x64
		{91FAFD26-BB00-47E6-9BF3-7518BE9A0FE6}.Debug|x64.Deploy.0 = Debug|x64
		{91FAFD26-BB00-47E6-9BF3-7518BE9A0FE6}.Debug|ARM64.ActiveCfg = Debug|ARM64
		{91FAFD26-BB00-47E6-9BF3-7518BE9A0FE6}.Debug|ARM64.Build.0 = Debug|ARM64
		{91FAFD26-BB00-47E6-9BF3-7518BE9A0FE6}.Debug|ARM64.Deploy.0 = Debug|ARM64
		{91FAFD26-BB00-47E6-9BF3-7518BE9A0FE6}.Release|Win32.ActiveCfg = Release|Win32
		{91FAFD26-BB00-47E6-9BF3-7518BE9A0FE6}.Release|Win32.Build.0 = Release|Win32
		{91FAFD26-BB00-47E6-9BF3-7518BE9A0FE6}.Release|Win32.Deploy.0 = Release|Win32
		{91FAFD26-BB00-47E6-9BF3-7518BE9A0FE6}.Release|x64.ActiveCfg = Release|x64
		{91FAFD26-BB00-47E6-9BF3-7518BE9A0FE6}.Release|x64.Build.0 = Release|x64
		{91FAFD26-BB00-47E6-9BF3-7518BE9A0FE6}.Release|x64.Deploy.0 = Release|x64
		{91FAFD26-BB00-47E6-9BF3-7518BE9A0FE6}.Release|ARM64.ActiveCfg = Release|ARM64
		{91FAFD26-BB00-47E6-9BF3-7518BE9A0FE6}.Release|ARM64.Build.0 = Release|ARM64
		{91FAFD26-BB00-47E6-9BF3-7518BE9A0FE6}.Release|ARM64.Deploy.0 = Release|ARM64
		{7824922D-742B-408C-AB19-B6C7854E8F69}.Debug|Win32.ActiveCfg = Debug|Win32
		{7824922D-742B-408C-AB19-B6C7854E8F69}.Debug|Win32.Build.0 = Debug|Win32
		{7824922D-742B-408C-AB19-B6C7854E8F69}.Debug|Win32.Deploy.0 = Debug|Win32
		{7824922D-742B-408C-AB19-B6C7854E8F69}.Debug|x64.ActiveCfg = Debug|x64
		{7824922D-742B-408C-AB19-B6C7854E8F69}.Debug|x64.Build.0 = Debug|x64
		{7824922D-742B-408C-AB19-B6C7854E8F69}.Debug|x64.Deploy.0 = Debug|x64
		{7824922D-742B-408C-AB19-B6C7854E8F69}.Debug|ARM64.ActiveCfg = Debug|ARM64
		{7824922D-742B-408C-AB19-B6C7854E8F69}.Debug|ARM64.Build.0 = Debug|ARM64
		{7824922D-742B-408C-AB19-B6C7854E8F69}.Debug|ARM64.Deploy.0 = Debug|ARM64
		{7824922D-742B-408C-AB19-B6C7854E8F69}.Release|Win32.ActiveCfg = Release|Win32
		{7824922D-742B-408C-AB19-B6C7854E8F69}.Release|Win32.Build.0 = Release|Win32
		{7824922D-742B-408C-AB19-B6C7854E8F69}.Release|Win32.Deploy.0 = Release|Win32
		{7824922D-742B-408C-AB19-B6C7854E8F69}.Release|x64.ActiveCfg = Release|x64
		{7824922D-742B-408C-AB19-B6C7854E8F69}.Release|x64.Build.0 = Release|x64
		{7824922D-742B-408C-AB19-B6C7854E8F69}.Release|x64.Deploy.0 = Release|x64
		{7824922D-742B-408C-AB19-B6C7854E8F69}.Release|ARM64.ActiveCfg = Release|ARM64
		{7824922D-742B-408C-AB19-B6C7854E8F69}.Release|ARM64.Build.0 = Release|ARM64
		{7824922D-742B-408C-AB19-B6C7854E8F69}.Release|ARM64.Deploy.0 = Release|ARM64
		{DD86B4DF-1EF1-4282-87BE-F8B01BF4CD11}.Debug|Win32.ActiveCfg = Debug|Win32
		{DD86B4DF-1EF1-4282-87BE-F8B01BF4CD11}.Debug|Win32.Build.0 = Debug|Win32
		{DD86B4DF-1EF1-4282-87BE-F8B01BF4CD11}.Debug|Win32.Deploy.0 = Debug|Win32
		{DD86B4DF-1EF1-4282-87BE-F8B01BF4CD11}.Debug|x64.ActiveCfg = Debug|x64
		{DD86B4DF-1EF1-4282-87BE-F8B01BF4CD11}.Debug|x64.Build.0 = Debug|x64
		{DD86B4DF-1EF1-4282-87BE-F8B01BF4CD11}.Debug|x64.Deploy.0 = Debug|x64
		{DD86B4DF-1EF1-4282-87BE-F8B01BF4CD11}.Debug|ARM64.ActiveCfg = Debug|ARM64
		{DD86B4DF-1EF1-4282-87BE-F8B01BF4CD11}.Debug|ARM64.Build.0 = Debug|ARM64
		{DD86B4DF-1EF1-4282-87BE-F8B01BF4CD11}.Debug|ARM64.Deploy.0 = Debug|ARM64
		{DD86B4DF-1EF1-4282-87BE-F8B01BF4CD11}.Release|Win32.ActiveCfg = Release|Win32
		{DD86B4DF-1EF1-4282-87BE-F8B01BF4CD11}.Release|Win32.Build.0 = Release|Win32
		{DD86B4DF-1EF1-4282-87BE-F8B01BF4CD11}.Release|Win32.Deploy.0 = Release|Win32
		{DD86B4DF-1EF1-4282-87BE-F8B01BF4CD11}.Release|x64.ActiveCfg = Release|x64
		{DD86B4DF-1EF1-4282-87BE-F8B01BF4CD11}.Release|x64.Build.0 = Release|x64
		{DD86B4DF-1EF1-4282-87BE-F8B01BF4CD11}.Release|x64.Deploy.0 = Release|x64
		{DD86B4DF-1EF1-4282-87BE-F8B01BF4CD11}.Release|ARM64.ActiveCfg = Release|ARM64
		{DD86B4DF-1EF1-4282-87BE-F8B01BF4CD11}.Release|ARM64.Build.0 = Release|ARM64
		{DD86B4DF-1EF1-4282-87BE-F8B01BF4CD11}.Release|ARM64.Deploy.0 = Release|ARM64
		{67A1AE60-71CB-4C53-8B2C-DF2C0E420115}.Debug|Win32.ActiveCfg = Debug|Win32
		{67A1AE60-71CB-4C53-8B2C-DF2C0E420115}.Debug|Win32.Build.0 = Debug|Win32
		{67A1AE60-71CB-4C53-8B2C-DF2C0E420115}.Debug|Win32.Deploy.0 = Debug|Win32
		{67A1AE60-71CB-4C53-8B2C-DF2C0E420115}.Debug|x64.ActiveCfg = Debug|x64
		{67A1AE60-71CB-4C53-8B2C-DF2C0E420115}.Debug|x64.Build.0 = Debug|x64
		{67A1AE60-71CB-4C53-8B2C-DF2C0E420115}.Debug|x64.Deploy.0 = Debug|x64
		{67A1AE60-71CB-4C53-8B2C-DF2C0E420115}.Debug|ARM64.ActiveCfg = Debug|ARM64
		{67A1AE60-71CB-4C53-8B2C-DF2C0E420115}.Debug|ARM64.Build.0 = Debug|ARM64
		{67A1AE60-71CB-4C53-8B2C-DF2C0E420115}.Debug|ARM64.Deploy.0 = Debug|ARM64
		{67A1AE60-71CB-4C53-8B2C-DF2C0E420115}.Release|Win32.ActiveCfg = Release|Win32
		{67A1AE60-71CB-4C53-8B2C-DF2C0E420115}.Release|Win32.Build.0 = Release|Win32
		{67A1AE60-71CB-4C53-8B2C-DF2C0E420115}.Release|Win32.Deploy.0 = Release|Win32
		{67A1AE60-71CB-4C53-8B2C-DF2C0E420115}.Release|x64.ActiveCfg = Release|x64
		{67A1AE60-71CB-4C53-8B2C-DF2C0E420115}.Release|x64.Build.0 = Release|x64
		{67A1AE60-71CB-4C53-8B2C-DF2C0E420115}.Release|x64.Deploy.0 = Release|x64
		{67A1AE60-71CB-4C53-8B2C-DF2C0E420115}.Release|ARM64.ActiveCfg = Release|ARM64
		{67A1AE60-71CB-4C53-8B2C-DF2C0E420115}.Release|ARM64.Build.0 = Release|ARM64
		{67A1AE60-71CB-4C53-8B2C-DF2C0E420115}.Release|ARM64.Deploy.0 = Release|ARM64
	EndGlobalSection
	GlobalSection(SolutionProperties) = preSolution
		HideSolutionNode = FALSE
	EndGlobalSection
EndGlobal
