<?xml version="1.0" encoding="utf-8"?>
<Project ToolsVersion="4.0" xmlns="http://schemas.microsoft.com/developer/msbuild/2003">
  <ItemGroup>
    <ClCompile Include="EBO.cpp">
      <Filter>Source Files</Filter>
    </ClCompile>
    <ClCompile Include="shaderClass.cpp">
      <Filter>Source Files</Filter>
    </ClCompile>
    <ClCompile Include="main.cpp">
      <Filter>Source Files</Filter>
    </ClCompile>
    <ClCompile Include="texture.cpp">
      <Filter>Source Files</Filter>
    </ClCompile>
    <ClCompile Include="VAO.cpp">
      <Filter>Source Files</Filter>
    </ClCompile>
    <ClCompile Include="VBO.cpp">
      <Filter>Source Files</Filter>
    </ClCompile>
    <ClCompile Include="glad.c">
      <Filter>Header Files</Filter>
    </ClCompile>
    <ClCompile Include="SoundSystem.cpp">
      <Filter>Source Files</Filter>
    </ClCompile>
    <ClCompile Include="Mouse.cpp">
      <Filter>Source Files</Filter>
    </ClCompile>
    <ClCompile Include="Cubemap.h">
      <Filter>Header Files</Filter>
    </ClCompile>
    <ClCompile Include="tFunctions.cpp">
      <Filter>Source Files</Filter>
    </ClCompile>
    <ClCompile Include="Engine.cpp">
      <Filter>Source Files</Filter>
    </ClCompile>
    <ClCompile Include="RenderSystem.cpp">
      <Filter>Source Files</Filter>
    </ClCompile>
    <ClCompile Include="Physics.cpp">
      <Filter>Source Files</Filter>
    </ClCompile>
    <ClCompile Include="Sound.cpp">
      <Filter>Source Files</Filter>
    </ClCompile>
    <ClCompile Include="Character.cpp">
      <Filter>Source Files</Filter>
    </ClCompile>
  </ItemGroup>
  <ItemGroup>
    <ClInclude Include="Camera.h">
      <Filter>Header Files</Filter>
    </ClInclude>
    <ClInclude Include="EBO.h">
      <Filter>Header Files</Filter>
    </ClInclude>
    <ClInclude Include="Keyboard.h">
      <Filter>Header Files</Filter>
    </ClInclude>
    <ClInclude Include="Material.h">
      <Filter>Header Files</Filter>
    </ClInclude>
    <ClInclude Include="Object.h">
      <Filter>Header Files</Filter>
    </ClInclude>
    <ClInclude Include="Mesh.h">
      <Filter>Header Files</Filter>
    </ClInclude>
    <ClInclude Include="shaderClass.h">
      <Filter>Header Files</Filter>
    </ClInclude>
    <ClInclude Include="stb_image.h">
      <Filter>Header Files</Filter>
    </ClInclude>
    <ClInclude Include="texture.h">
      <Filter>Header Files</Filter>
    </ClInclude>
    <ClInclude Include="t.h">
      <Filter>Header Files</Filter>
    </ClInclude>
    <ClInclude Include="VAO.h">
      <Filter>Header Files</Filter>
    </ClInclude>
    <ClInclude Include="VBO.h">
      <Filter>Header Files</Filter>
    </ClInclude>
    <ClInclude Include="Vertex.h">
      <Filter>Header Files</Filter>
    </ClInclude>
    <ClInclude Include="DirLight.h">
      <Filter>Header Files</Filter>
    </ClInclude>
    <ClInclude Include="SoundSystem.h">
      <Filter>Header Files</Filter>
    </ClInclude>
    <ClInclude Include="Debug.h">
      <Filter>Header Files</Filter>
    </ClInclude>
    <ClInclude Include="Mouse.h">
      <Filter>Header Files</Filter>
    </ClInclude>
    <ClInclude Include="FBO.h">
      <Filter>Header Files</Filter>
    </ClInclude>
    <ClInclude Include="Model.h">
      <Filter>Header Files</Filter>
    </ClInclude>
    <ClInclude Include="Structures.h">
      <Filter>Header Files</Filter>
    </ClInclude>
    <ClInclude Include="tFunctions.h">
      <Filter>Header Files</Filter>
    </ClInclude>
    <ClInclude Include="Physics.h">
      <Filter>Header Files</Filter>
    </ClInclude>
    <ClInclude Include="Gui.h">
      <Filter>Header Files</Filter>
    </ClInclude>
    <ClInclude Include="QuadVertices.h">
      <Filter>Header Files</Filter>
    </ClInclude>
    <ClInclude Include="t2d.h">
      <Filter>Header Files</Filter>
    </ClInclude>
    <ClInclude Include="font.h">
      <Filter>Header Files</Filter>
    </ClInclude>
    <ClInclude Include="Particle.h">
      <Filter>Header Files</Filter>
    </ClInclude>
    <ClInclude Include="Folder.h">
      <Filter>Header Files</Filter>
    </ClInclude>
    <ClInclude Include="RenderSystem.h">
      <Filter>Header Files</Filter>
    </ClInclude>
    <ClInclude Include="Engine.h">
      <Filter>Header Files</Filter>
    </ClInclude>
    <ClInclude Include="common.h">
      <Filter>Header Files</Filter>
    </ClInclude>
    <ClInclude Include="ResourceManager.h">
      <Filter>Header Files</Filter>
    </ClInclude>
    <ClInclude Include="Window.h">
      <Filter>Header Files</Filter>
    </ClInclude>
    <ClInclude Include="Sound.h">
      <Filter>Header Files</Filter>
    </ClInclude>
    <ClInclude Include="Rig.h">
      <Filter>Header Files</Filter>
    </ClInclude>
    <ClInclude Include="MeshData.h">
      <Filter>Header Files</Filter>
    </ClInclude>
    <ClInclude Include="Lighting.h">
      <Filter>Header Files</Filter>
    </ClInclude>
    <ClInclude Include="Character.h">
      <Filter>Header Files</Filter>
    </ClInclude>
    <ClInclude Include="BodyComponentActions.h">
      <Filter>Header Files</Filter>
    </ClInclude>
    <ClInclude Include="DefaultBodyComponents.h">
      <Filter>Header Files</Filter>
    </ClInclude>
    <ClInclude Include="Animator.h">
      <Filter>Header Files</Filter>
    </ClInclude>
  </ItemGroup>
  <ItemGroup>
    <Filter Include="Shaders">
      <UniqueIdentifier>{ef6dcc4e-62cf-427d-8dac-332a472e243b}</UniqueIdentifier>
    </Filter>
    <Filter Include="Source Files">
      <UniqueIdentifier>{154e4e97-c2e9-49ec-8424-238ebf6b5c41}</UniqueIdentifier>
    </Filter>
    <Filter Include="Header Files">
      <UniqueIdentifier>{2f478c6d-75be-4dd0-b0e5-a838d5416fee}</UniqueIdentifier>
    </Filter>
    <Filter Include="Assets">
      <UniqueIdentifier>{85ec9022-6c34-47ce-9f8b-9ef29191d1c0}</UniqueIdentifier>
    </Filter>
    <Filter Include="Shaders\GUI">
      <UniqueIdentifier>{834b79d9-80f7-40c0-8e4f-981c3a885af8}</UniqueIdentifier>
    </Filter>
  </ItemGroup>
  <ItemGroup>
    <None Include="shaders\geometry_rig.vert">
      <Filter>Shaders</Filter>
    </None>
    <None Include="shaders\deferred_lighting.frag">
      <Filter>Shaders</Filter>
    </None>
    <None Include="shaders\deferred_lighting.vert">
      <Filter>Shaders</Filter>
    </None>
    <None Include="shaders\geometry.vert">
      <Filter>Shaders</Filter>
    </None>
    <None Include="shaders\geometry.frag">
      <Filter>Shaders</Filter>
    </None>
    <None Include="shaders\default.frag">
      <Filter>Shaders</Filter>
    </None>
    <None Include="shaders\rig.vert">
      <Filter>Shaders</Filter>
    </None>
    <None Include="shaders\rigshadow.vert">
      <Filter>Shaders</Filter>
    </None>
    <None Include="shaders\skybox.frag">
      <Filter>Shaders</Filter>
    </None>
    <None Include="shaders\ScreenShader.frag">
      <Filter>Shaders</Filter>
    </None>
    <None Include="shaders\2DText.frag">
      <Filter>Shaders</Filter>
    </None>
    <None Include="shaders\2DText.vert">
      <Filter>Shaders</Filter>
    </None>
    <None Include="shaders\default.vert">
      <Filter>Shaders</Filter>
    </None>
    <None Include="shaders\shadow.frag">
      <Filter>Shaders</Filter>
    </None>
    <None Include="shaders\meshshadow.vert">
      <Filter>Shaders</Filter>
    </None>
    <None Include="shaders\skybox.vert">
      <Filter>Shaders</Filter>
    </None>
    <None Include="shaders\Particle.vert">
      <Filter>Shaders</Filter>
    </None>
    <None Include="shaders\Particle.frag">
      <Filter>Shaders</Filter>
    </None>
    <None Include="shaders\ImageBox.frag">
      <Filter>Shaders</Filter>
    </None>
    <None Include="shaders\Box.frag">
      <Filter>Shaders</Filter>
    </None>
    <None Include="shaders\Box.vert">
      <Filter>Shaders</Filter>
    </None>
    <None Include="shaders\ImageBox.vert">
      <Filter>Shaders</Filter>
    </None>
    <None Include="shaders\ScreenShader.vert">
      <Filter>Shaders</Filter>
    </None>
  </ItemGroup>
</Project>