
Microsoft Visual Studio Solution File, Format Version 11.00
# Visual Studio Version 16
Project("{8BC9CEB8-8B4A-11D0-8D11-00A0C91BC942}") = "3d", "3d.vcxproj", "{25FB3D24-744A-4481-905C-A152193E4F40}"
EndProject
Project("{8BC9CEB8-8B4A-11D0-8D11-00A0C91BC942}") = "3d_multi", "3d_multi.vcxproj", "{7B45A0E8-BDB1-49BA-B8F1-0AC447DFB7A3}"
EndProject
Project("{8BC9CEB8-8B4A-11D0-8D11-00A0C91BC942}") = "event_parameter", "event_parameter.vcxproj", "{8625CEF7-34E2-4C61-99B1-1F1BDB9AE9FA}"
EndProject
Project("{8BC9CEB8-8B4A-11D0-8D11-00A0C91BC942}") = "load_banks", "load_banks.vcxproj", "{61E57184-67FE-4B58-99DC-1997E30A436C}"
EndProject
Project("{8BC9CEB8-8B4A-11D0-8D11-00A0C91BC942}") = "music_callbacks", "music_callbacks.vcxproj", "{B4FD73EE-7F06-4061-A0C7-8BE8EB0F3C19}"
EndProject
Project("{8BC9CEB8-8B4A-11D0-8D11-00A0C91BC942}") = "objectpan", "objectpan.vcxproj", "{0643EB75-38AD-4FFF-9A99-876E19BD5463}"
EndProject
Project("{8BC9CEB8-8B4A-11D0-8D11-00A0C91BC942}") = "programmer_sound", "programmer_sound.vcxproj", "{EE034D50-BF51-4644-BAED-C6359830F316}"
EndProject
Project("{8BC9CEB8-8B4A-11D0-8D11-00A0C91BC942}") = "recording_playback", "recording_playback.vcxproj", "{F48A8DBC-32FF-4923-8F30-A7A64C4C2475}"
EndProject
Project("{8BC9CEB8-8B4A-11D0-8D11-00A0C91BC942}") = "simple_event", "simple_event.vcxproj", "{9A55EFC8-588B-43ED-8193-C1ABC6D54A71}"
EndProject
Global
	GlobalSection(SolutionConfigurationPlatforms) = preSolution
		Debug|Win32 = Debug|Win32
		Debug|x64 = Debug|x64
		Debug|ARM64 = Debug|ARM64
		Release|Win32 = Release|Win32
		Release|x64 = Release|x64
		Release|ARM64 = Release|ARM64
	EndGlobalSection
	GlobalSection(ProjectConfigurationPlatforms) = postSolution
		{25FB3D24-744A-4481-905C-A152193E4F40}.Debug|Win32.ActiveCfg = Debug|Win32
		{25FB3D24-744A-4481-905C-A152193E4F40}.Debug|Win32.Build.0 = Debug|Win32
		{25FB3D24-744A-4481-905C-A152193E4F40}.Debug|Win32.Deploy.0 = Debug|Win32
		{25FB3D24-744A-4481-905C-A152193E4F40}.Debug|x64.ActiveCfg = Debug|x64
		{25FB3D24-744A-4481-905C-A152193E4F40}.Debug|x64.Build.0 = Debug|x64
		{25FB3D24-744A-4481-905C-A152193E4F40}.Debug|x64.Deploy.0 = Debug|x64
		{25FB3D24-744A-4481-905C-A152193E4F40}.Debug|ARM64.ActiveCfg = Debug|ARM64
		{25FB3D24-744A-4481-905C-A152193E4F40}.Debug|ARM64.Build.0 = Debug|ARM64
		{25FB3D24-744A-4481-905C-A152193E4F40}.Debug|ARM64.Deploy.0 = Debug|ARM64
		{25FB3D24-744A-4481-905C-A152193E4F40}.Release|Win32.ActiveCfg = Release|Win32
		{25FB3D24-744A-4481-905C-A152193E4F40}.Release|Win32.Build.0 = Release|Win32
		{25FB3D24-744A-4481-905C-A152193E4F40}.Release|Win32.Deploy.0 = Release|Win32
		{25FB3D24-744A-4481-905C-A152193E4F40}.Release|x64.ActiveCfg = Release|x64
		{25FB3D24-744A-4481-905C-A152193E4F40}.Release|x64.Build.0 = Release|x64
		{25FB3D24-744A-4481-905C-A152193E4F40}.Release|x64.Deploy.0 = Release|x64
		{25FB3D24-744A-4481-905C-A152193E4F40}.Release|ARM64.ActiveCfg = Release|ARM64
		{25FB3D24-744A-4481-905C-A152193E4F40}.Release|ARM64.Build.0 = Release|ARM64
		{25FB3D24-744A-4481-905C-A152193E4F40}.Release|ARM64.Deploy.0 = Release|ARM64
		{7B45A0E8-BDB1-49BA-B8F1-0AC447DFB7A3}.Debug|Win32.ActiveCfg = Debug|Win32
		{7B45A0E8-BDB1-49BA-B8F1-0AC447DFB7A3}.Debug|Win32.Build.0 = Debug|Win32
		{7B45A0E8-BDB1-49BA-B8F1-0AC447DFB7A3}.Debug|Win32.Deploy.0 = Debug|Win32
		{7B45A0E8-BDB1-49BA-B8F1-0AC447DFB7A3}.Debug|x64.ActiveCfg = Debug|x64
		{7B45A0E8-BDB1-49BA-B8F1-0AC447DFB7A3}.Debug|x64.Build.0 = Debug|x64
		{7B45A0E8-BDB1-49BA-B8F1-0AC447DFB7A3}.Debug|x64.Deploy.0 = Debug|x64
		{7B45A0E8-BDB1-49BA-B8F1-0AC447DFB7A3}.Debug|ARM64.ActiveCfg = Debug|ARM64
		{7B45A0E8-BDB1-49BA-B8F1-0AC447DFB7A3}.Debug|ARM64.Build.0 = Debug|ARM64
		{7B45A0E8-BDB1-49BA-B8F1-0AC447DFB7A3}.Debug|ARM64.Deploy.0 = Debug|ARM64
		{7B45A0E8-BDB1-49BA-B8F1-0AC447DFB7A3}.Release|Win32.ActiveCfg = Release|Win32
		{7B45A0E8-BDB1-49BA-B8F1-0AC447DFB7A3}.Release|Win32.Build.0 = Release|Win32
		{7B45A0E8-BDB1-49BA-B8F1-0AC447DFB7A3}.Release|Win32.Deploy.0 = Release|Win32
		{7B45A0E8-BDB1-49BA-B8F1-0AC447DFB7A3}.Release|x64.ActiveCfg = Release|x64
		{7B45A0E8-BDB1-49BA-B8F1-0AC447DFB7A3}.Release|x64.Build.0 = Release|x64
		{7B45A0E8-BDB1-49BA-B8F1-0AC447DFB7A3}.Release|x64.Deploy.0 = Release|x64
		{7B45A0E8-BDB1-49BA-B8F1-0AC447DFB7A3}.Release|ARM64.ActiveCfg = Release|ARM64
		{7B45A0E8-BDB1-49BA-B8F1-0AC447DFB7A3}.Release|ARM64.Build.0 = Release|ARM64
		{7B45A0E8-BDB1-49BA-B8F1-0AC447DFB7A3}.Release|ARM64.Deploy.0 = Release|ARM64
		{8625CEF7-34E2-4C61-99B1-1F1BDB9AE9FA}.Debug|Win32.ActiveCfg = Debug|Win32
		{8625CEF7-34E2-4C61-99B1-1F1BDB9AE9FA}.Debug|Win32.Build.0 = Debug|Win32
		{8625CEF7-34E2-4C61-99B1-1F1BDB9AE9FA}.Debug|Win32.Deploy.0 = Debug|Win32
		{8625CEF7-34E2-4C61-99B1-1F1BDB9AE9FA}.Debug|x64.ActiveCfg = Debug|x64
		{8625CEF7-34E2-4C61-99B1-1F1BDB9AE9FA}.Debug|x64.Build.0 = Debug|x64
		{8625CEF7-34E2-4C61-99B1-1F1BDB9AE9FA}.Debug|x64.Deploy.0 = Debug|x64
		{8625CEF7-34E2-4C61-99B1-1F1BDB9AE9FA}.Debug|ARM64.ActiveCfg = Debug|ARM64
		{8625CEF7-34E2-4C61-99B1-1F1BDB9AE9FA}.Debug|ARM64.Build.0 = Debug|ARM64
		{8625CEF7-34E2-4C61-99B1-1F1BDB9AE9FA}.Debug|ARM64.Deploy.0 = Debug|ARM64
		{8625CEF7-34E2-4C61-99B1-1F1BDB9AE9FA}.Release|Win32.ActiveCfg = Release|Win32
		{8625CEF7-34E2-4C61-99B1-1F1BDB9AE9FA}.Release|Win32.Build.0 = Release|Win32
		{8625CEF7-34E2-4C61-99B1-1F1BDB9AE9FA}.Release|Win32.Deploy.0 = Release|Win32
		{8625CEF7-34E2-4C61-99B1-1F1BDB9AE9FA}.Release|x64.ActiveCfg = Release|x64
		{8625CEF7-34E2-4C61-99B1-1F1BDB9AE9FA}.Release|x64.Build.0 = Release|x64
		{8625CEF7-34E2-4C61-99B1-1F1BDB9AE9FA}.Release|x64.Deploy.0 = Release|x64
		{8625CEF7-34E2-4C61-99B1-1F1BDB9AE9FA}.Release|ARM64.ActiveCfg = Release|ARM64
		{8625CEF7-34E2-4C61-99B1-1F1BDB9AE9FA}.Release|ARM64.Build.0 = Release|ARM64
		{8625CEF7-34E2-4C61-99B1-1F1BDB9AE9FA}.Release|ARM64.Deploy.0 = Release|ARM64
		{61E57184-67FE-4B58-99DC-1997E30A436C}.Debug|Win32.ActiveCfg = Debug|Win32
		{61E57184-67FE-4B58-99DC-1997E30A436C}.Debug|Win32.Build.0 = Debug|Win32
		{61E57184-67FE-4B58-99DC-1997E30A436C}.Debug|Win32.Deploy.0 = Debug|Win32
		{61E57184-67FE-4B58-99DC-1997E30A436C}.Debug|x64.ActiveCfg = Debug|x64
		{61E57184-67FE-4B58-99DC-1997E30A436C}.Debug|x64.Build.0 = Debug|x64
		{61E57184-67FE-4B58-99DC-1997E30A436C}.Debug|x64.Deploy.0 = Debug|x64
		{61E57184-67FE-4B58-99DC-1997E30A436C}.Debug|ARM64.ActiveCfg = Debug|ARM64
		{61E57184-67FE-4B58-99DC-1997E30A436C}.Debug|ARM64.Build.0 = Debug|ARM64
		{61E57184-67FE-4B58-99DC-1997E30A436C}.Debug|ARM64.Deploy.0 = Debug|ARM64
		{61E57184-67FE-4B58-99DC-1997E30A436C}.Release|Win32.ActiveCfg = Release|Win32
		{61E57184-67FE-4B58-99DC-1997E30A436C}.Release|Win32.Build.0 = Release|Win32
		{61E57184-67FE-4B58-99DC-1997E30A436C}.Release|Win32.Deploy.0 = Release|Win32
		{61E57184-67FE-4B58-99DC-1997E30A436C}.Release|x64.ActiveCfg = Release|x64
		{61E57184-67FE-4B58-99DC-1997E30A436C}.Release|x64.Build.0 = Release|x64
		{61E57184-67FE-4B58-99DC-1997E30A436C}.Release|x64.Deploy.0 = Release|x64
		{61E57184-67FE-4B58-99DC-1997E30A436C}.Release|ARM64.ActiveCfg = Release|ARM64
		{61E57184-67FE-4B58-99DC-1997E30A436C}.Release|ARM64.Build.0 = Release|ARM64
		{61E57184-67FE-4B58-99DC-1997E30A436C}.Release|ARM64.Deploy.0 = Release|ARM64
		{B4FD73EE-7F06-4061-A0C7-8BE8EB0F3C19}.Debug|Win32.ActiveCfg = Debug|Win32
		{B4FD73EE-7F06-4061-A0C7-8BE8EB0F3C19}.Debug|Win32.Build.0 = Debug|Win32
		{B4FD73EE-7F06-4061-A0C7-8BE8EB0F3C19}.Debug|Win32.Deploy.0 = Debug|Win32
		{B4FD73EE-7F06-4061-A0C7-8BE8EB0F3C19}.Debug|x64.ActiveCfg = Debug|x64
		{B4FD73EE-7F06-4061-A0C7-8BE8EB0F3C19}.Debug|x64.Build.0 = Debug|x64
		{B4FD73EE-7F06-4061-A0C7-8BE8EB0F3C19}.Debug|x64.Deploy.0 = Debug|x64
		{B4FD73EE-7F06-4061-A0C7-8BE8EB0F3C19}.Debug|ARM64.ActiveCfg = Debug|ARM64
		{B4FD73EE-7F06-4061-A0C7-8BE8EB0F3C19}.Debug|ARM64.Build.0 = Debug|ARM64
		{B4FD73EE-7F06-4061-A0C7-8BE8EB0F3C19}.Debug|ARM64.Deploy.0 = Debug|ARM64
		{B4FD73EE-7F06-4061-A0C7-8BE8EB0F3C19}.Release|Win32.ActiveCfg = Release|Win32
		{B4FD73EE-7F06-4061-A0C7-8BE8EB0F3C19}.Release|Win32.Build.0 = Release|Win32
		{B4FD73EE-7F06-4061-A0C7-8BE8EB0F3C19}.Release|Win32.Deploy.0 = Release|Win32
		{B4FD73EE-7F06-4061-A0C7-8BE8EB0F3C19}.Release|x64.ActiveCfg = Release|x64
		{B4FD73EE-7F06-4061-A0C7-8BE8EB0F3C19}.Release|x64.Build.0 = Release|x64
		{B4FD73EE-7F06-4061-A0C7-8BE8EB0F3C19}.Release|x64.Deploy.0 = Release|x64
		{B4FD73EE-7F06-4061-A0C7-8BE8EB0F3C19}.Release|ARM64.ActiveCfg = Release|ARM64
		{B4FD73EE-7F06-4061-A0C7-8BE8EB0F3C19}.Release|ARM64.Build.0 = Release|ARM64
		{B4FD73EE-7F06-4061-A0C7-8BE8EB0F3C19}.Release|ARM64.Deploy.0 = Release|ARM64
		{0643EB75-38AD-4FFF-9A99-876E19BD5463}.Debug|Win32.ActiveCfg = Debug|Win32
		{0643EB75-38AD-4FFF-9A99-876E19BD5463}.Debug|Win32.Build.0 = Debug|Win32
		{0643EB75-38AD-4FFF-9A99-876E19BD5463}.Debug|Win32.Deploy.0 = Debug|Win32
		{0643EB75-38AD-4FFF-9A99-876E19BD5463}.Debug|x64.ActiveCfg = Debug|x64
		{0643EB75-38AD-4FFF-9A99-876E19BD5463}.Debug|x64.Build.0 = Debug|x64
		{0643EB75-38AD-4FFF-9A99-876E19BD5463}.Debug|x64.Deploy.0 = Debug|x64
		{0643EB75-38AD-4FFF-9A99-876E19BD5463}.Debug|ARM64.ActiveCfg = Debug|ARM64
		{0643EB75-38AD-4FFF-9A99-876E19BD5463}.Debug|ARM64.Build.0 = Debug|ARM64
		{0643EB75-38AD-4FFF-9A99-876E19BD5463}.Debug|ARM64.Deploy.0 = Debug|ARM64
		{0643EB75-38AD-4FFF-9A99-876E19BD5463}.Release|Win32.ActiveCfg = Release|Win32
		{0643EB75-38AD-4FFF-9A99-876E19BD5463}.Release|Win32.Build.0 = Release|Win32
		{0643EB75-38AD-4FFF-9A99-876E19BD5463}.Release|Win32.Deploy.0 = Release|Win32
		{0643EB75-38AD-4FFF-9A99-876E19BD5463}.Release|x64.ActiveCfg = Release|x64
		{0643EB75-38AD-4FFF-9A99-876E19BD5463}.Release|x64.Build.0 = Release|x64
		{0643EB75-38AD-4FFF-9A99-876E19BD5463}.Release|x64.Deploy.0 = Release|x64
		{0643EB75-38AD-4FFF-9A99-876E19BD5463}.Release|ARM64.ActiveCfg = Release|ARM64
		{0643EB75-38AD-4FFF-9A99-876E19BD5463}.Release|ARM64.Build.0 = Release|ARM64
		{0643EB75-38AD-4FFF-9A99-876E19BD5463}.Release|ARM64.Deploy.0 = Release|ARM64
		{EE034D50-BF51-4644-BAED-C6359830F316}.Debug|Win32.ActiveCfg = Debug|Win32
		{EE034D50-BF51-4644-BAED-C6359830F316}.Debug|Win32.Build.0 = Debug|Win32
		{EE034D50-BF51-4644-BAED-C6359830F316}.Debug|Win32.Deploy.0 = Debug|Win32
		{EE034D50-BF51-4644-BAED-C6359830F316}.Debug|x64.ActiveCfg = Debug|x64
		{EE034D50-BF51-4644-BAED-C6359830F316}.Debug|x64.Build.0 = Debug|x64
		{EE034D50-BF51-4644-BAED-C6359830F316}.Debug|x64.Deploy.0 = Debug|x64
		{EE034D50-BF51-4644-BAED-C6359830F316}.Debug|ARM64.ActiveCfg = Debug|ARM64
		{EE034D50-BF51-4644-BAED-C6359830F316}.Debug|ARM64.Build.0 = Debug|ARM64
		{EE034D50-BF51-4644-BAED-C6359830F316}.Debug|ARM64.Deploy.0 = Debug|ARM64
		{EE034D50-BF51-4644-BAED-C6359830F316}.Release|Win32.ActiveCfg = Release|Win32
		{EE034D50-BF51-4644-BAED-C6359830F316}.Release|Win32.Build.0 = Release|Win32
		{EE034D50-BF51-4644-BAED-C6359830F316}.Release|Win32.Deploy.0 = Release|Win32
		{EE034D50-BF51-4644-BAED-C6359830F316}.Release|x64.ActiveCfg = Release|x64
		{EE034D50-BF51-4644-BAED-C6359830F316}.Release|x64.Build.0 = Release|x64
		{EE034D50-BF51-4644-BAED-C6359830F316}.Release|x64.Deploy.0 = Release|x64
		{EE034D50-BF51-4644-BAED-C6359830F316}.Release|ARM64.ActiveCfg = Release|ARM64
		{EE034D50-BF51-4644-BAED-C6359830F316}.Release|ARM64.Build.0 = Release|ARM64
		{EE034D50-BF51-4644-BAED-C6359830F316}.Release|ARM64.Deploy.0 = Release|ARM64
		{F48A8DBC-32FF-4923-8F30-A7A64C4C2475}.Debug|Win32.ActiveCfg = Debug|Win32
		{F48A8DBC-32FF-4923-8F30-A7A64C4C2475}.Debug|Win32.Build.0 = Debug|Win32
		{F48A8DBC-32FF-4923-8F30-A7A64C4C2475}.Debug|Win32.Deploy.0 = Debug|Win32
		{F48A8DBC-32FF-4923-8F30-A7A64C4C2475}.Debug|x64.ActiveCfg = Debug|x64
		{F48A8DBC-32FF-4923-8F30-A7A64C4C2475}.Debug|x64.Build.0 = Debug|x64
		{F48A8DBC-32FF-4923-8F30-A7A64C4C2475}.Debug|x64.Deploy.0 = Debug|x64
		{F48A8DBC-32FF-4923-8F30-A7A64C4C2475}.Debug|ARM64.ActiveCfg = Debug|ARM64
		{F48A8DBC-32FF-4923-8F30-A7A64C4C2475}.Debug|ARM64.Build.0 = Debug|ARM64
		{F48A8DBC-32FF-4923-8F30-A7A64C4C2475}.Debug|ARM64.Deploy.0 = Debug|ARM64
		{F48A8DBC-32FF-4923-8F30-A7A64C4C2475}.Release|Win32.ActiveCfg = Release|Win32
		{F48A8DBC-32FF-4923-8F30-A7A64C4C2475}.Release|Win32.Build.0 = Release|Win32
		{F48A8DBC-32FF-4923-8F30-A7A64C4C2475}.Release|Win32.Deploy.0 = Release|Win32
		{F48A8DBC-32FF-4923-8F30-A7A64C4C2475}.Release|x64.ActiveCfg = Release|x64
		{F48A8DBC-32FF-4923-8F30-A7A64C4C2475}.Release|x64.Build.0 = Release|x64
		{F48A8DBC-32FF-4923-8F30-A7A64C4C2475}.Release|x64.Deploy.0 = Release|x64
		{F48A8DBC-32FF-4923-8F30-A7A64C4C2475}.Release|ARM64.ActiveCfg = Release|ARM64
		{F48A8DBC-32FF-4923-8F30-A7A64C4C2475}.Release|ARM64.Build.0 = Release|ARM64
		{F48A8DBC-32FF-4923-8F30-A7A64C4C2475}.Release|ARM64.Deploy.0 = Release|ARM64
		{9A55EFC8-588B-43ED-8193-C1ABC6D54A71}.Debug|Win32.ActiveCfg = Debug|Win32
		{9A55EFC8-588B-43ED-8193-C1ABC6D54A71}.Debug|Win32.Build.0 = Debug|Win32
		{9A55EFC8-588B-43ED-8193-C1ABC6D54A71}.Debug|Win32.Deploy.0 = Debug|Win32
		{9A55EFC8-588B-43ED-8193-C1ABC6D54A71}.Debug|x64.ActiveCfg = Debug|x64
		{9A55EFC8-588B-43ED-8193-C1ABC6D54A71}.Debug|x64.Build.0 = Debug|x64
		{9A55EFC8-588B-43ED-8193-C1ABC6D54A71}.Debug|x64.Deploy.0 = Debug|x64
		{9A55EFC8-588B-43ED-8193-C1ABC6D54A71}.Debug|ARM64.ActiveCfg = Debug|ARM64
		{9A55EFC8-588B-43ED-8193-C1ABC6D54A71}.Debug|ARM64.Build.0 = Debug|ARM64
		{9A55EFC8-588B-43ED-8193-C1ABC6D54A71}.Debug|ARM64.Deploy.0 = Debug|ARM64
		{9A55EFC8-588B-43ED-8193-C1ABC6D54A71}.Release|Win32.ActiveCfg = Release|Win32
		{9A55EFC8-588B-43ED-8193-C1ABC6D54A71}.Release|Win32.Build.0 = Release|Win32
		{9A55EFC8-588B-43ED-8193-C1ABC6D54A71}.Release|Win32.Deploy.0 = Release|Win32
		{9A55EFC8-588B-43ED-8193-C1ABC6D54A71}.Release|x64.ActiveCfg = Release|x64
		{9A55EFC8-588B-43ED-8193-C1ABC6D54A71}.Release|x64.Build.0 = Release|x64
		{9A55EFC8-588B-43ED-8193-C1ABC6D54A71}.Release|x64.Deploy.0 = Release|x64
		{9A55EFC8-588B-43ED-8193-C1ABC6D54A71}.Release|ARM64.ActiveCfg = Release|ARM64
		{9A55EFC8-588B-43ED-8193-C1ABC6D54A71}.Release|ARM64.Build.0 = Release|ARM64
		{9A55EFC8-588B-43ED-8193-C1ABC6D54A71}.Release|ARM64.Deploy.0 = Release|ARM64
	EndGlobalSection
	GlobalSection(SolutionProperties) = preSolution
		HideSolutionNode = FALSE
	EndGlobalSection
EndGlobal
